{
  "originHash" : "a1c2874af81cfd4b6bdb257fa3ae092f7f7ea6cfcbbb9490b79333bf50ca0ef5",
  "pins" : [
    {
      "identity" : "richeditorview",
      "kind" : "remoteSourceControl",
      "location" : "git@github.com:T-Pro/RichEditorView.git",
      "state" : {
        "branch" : "feature/swiftpm",
        "revision" : "191f219a0b2c831b0e6f006d8035b8d19db1c813"
      }
    }
  ],
  "version" : 3
}
