{
  "originHash" : "a1c2874af81cfd4b6bdb257fa3ae092f7f7ea6cfcbbb9490b79333bf50ca0ef5",
  "pins" : [
    {
      "identity" : "richeditorview",
      "kind" : "remoteSourceControl",
      "location" : "git@github.com:T-Pro/RichEditorView.git",
      "state" : {
        "branch" : "feature/swiftpm",
        "revision" : "c8363bc4e827a2a559c1958f86f304f38a48b52a"
      }
    }
  ],
  "version" : 3
}
